{
  "requires": true,
  "lockfileVersion": 1,
  "dependencies": {
    "grapesjs-blocks-basic": {
      "version": "0.1.8",
      "resolved": "https://registry.npmjs.org/grapesjs-blocks-basic/-/grapesjs-blocks-basic-0.1.8.tgz",
      "integrity": "sha512-Iy5M4qGkEE2llb5ZFxitDolRJ3CrQkcK1SQIjRRlkWIAC99On3T/09iFR7NkpTBfsgfdNwcwnSVOMOhSnVLDtw=="
    }
  }
}
